
Microsoft Visual Studio Solution File, Format Version 12.00
# Visual Studio Version 17
VisualStudioVersion = 17.3.32901.215
MinimumVisualStudioVersion = 10.0.40219.1
Project("{9A19103F-16F7-4668-BE54-9A1E7A4F7556}") = "Wra10Core2023", "Wra10Core2023\Wra10Core2023.csproj", "{EECD9C05-A854-446E-BCB6-53EDB316FB46}"
EndProject
Project("{2150E333-8FDC-42A3-9474-1A3956D46DE8}") = "Solution Items", "Solution Items", "{02EA681E-C7D8-13C7-8484-4AC65E1B71E8}"
	ProjectSection(SolutionItems) = preProject
		.editorconfig = .editorconfig
	EndProjectSection
EndProject
Global
	GlobalSection(SolutionConfigurationPlatforms) = preSolution
		Debug|Any CPU = Debug|Any CPU
		Debug|x64 = Debug|x64
		Debug|x86 = Debug|x86
		Release|Any CPU = Release|Any CPU
		Release|x64 = Release|x64
		Release|x86 = Release|x86
	EndGlobalSection
	GlobalSection(ProjectConfigurationPlatforms) = postSolution
		{EECD9C05-A854-446E-BCB6-53EDB316FB46}.Debug|Any CPU.ActiveCfg = Debug|Any CPU
		{EECD9C05-A854-446E-BCB6-53EDB316FB46}.Debug|Any CPU.Build.0 = Debug|Any CPU
		{EECD9C05-A854-446E-BCB6-53EDB316FB46}.Debug|x64.ActiveCfg = Debug|x64
		{EECD9C05-A854-446E-BCB6-53EDB316FB46}.Debug|x64.Build.0 = Debug|x64
		{EECD9C05-A854-446E-BCB6-53EDB316FB46}.Debug|x86.ActiveCfg = Debug|x86
		{EECD9C05-A854-446E-BCB6-53EDB316FB46}.Debug|x86.Build.0 = Debug|x86
		{EECD9C05-A854-446E-BCB6-53EDB316FB46}.Release|Any CPU.ActiveCfg = Release|Any CPU
		{EECD9C05-A854-446E-BCB6-53EDB316FB46}.Release|Any CPU.Build.0 = Release|Any CPU
		{EECD9C05-A854-446E-BCB6-53EDB316FB46}.Release|x64.ActiveCfg = Release|x64
		{EECD9C05-A854-446E-BCB6-53EDB316FB46}.Release|x64.Build.0 = Release|x64
		{EECD9C05-A854-446E-BCB6-53EDB316FB46}.Release|x86.ActiveCfg = Release|x86
		{EECD9C05-A854-446E-BCB6-53EDB316FB46}.Release|x86.Build.0 = Release|x86
	EndGlobalSection
	GlobalSection(SolutionProperties) = preSolution
		HideSolutionNode = FALSE
	EndGlobalSection
	GlobalSection(ExtensibilityGlobals) = postSolution
		SolutionGuid = {07355872-4270-470A-B68A-4CF3CFC490D8}
	EndGlobalSection
EndGlobal
